// !$*UTF8*$!
{
	archiveVersion = 1;
	classes = {
	};
	objectVersion = 46;
	objects = {

/* Begin PBXBuildFile section */
		EF94D4881B630A70002E09D5 /* AppDelegate.swift in Sources */ = {isa = PBXBuildFile; fileRef = EF94D4871B630A70002E09D5 /* AppDelegate.swift */; };
		EF94D48A1B630A70002E09D5 /* RecordSoundsViewController.swift in Sources */ = {isa = PBXBuildFile; fileRef = EF94D4891B630A70002E09D5 /* RecordSoundsViewController.swift */; };
		EF94D48D1B630A70002E09D5 /* Main.storyboard in Resources */ = {isa = PBXBuildFile; fileRef = EF94D48B1B630A70002E09D5 /* Main.storyboard */; };
		EF94D48F1B630A70002E09D5 /* Images.xcassets in Resources */ = {isa = PBXBuildFile; fileRef = EF94D48E1B630A70002E09D5 /* Images.xcassets */; };
		EF94D4921B630A70002E09D5 /* LaunchScreen.xib in Resources */ = {isa = PBXBuildFile; fileRef = EF94D4901B630A70002E09D5 /* LaunchScreen.xib */; };
		EF94D49E1B630A70002E09D5 /* VoiceFXTests.swift in Sources */ = {isa = PBXBuildFile; fileRef = EF94D49D1B630A70002E09D5 /* VoiceFXTests.swift */; };
		EF94D4A81B634903002E09D5 /* PlaySoundsViewController.swift in Sources */ = {isa = PBXBuildFile; fileRef = EF94D4A71B634903002E09D5 /* PlaySoundsViewController.swift */; };
		EF94D4AA1B63EAE6002E09D5 /* movie_quote.mp3 in Resources */ = {isa = PBXBuildFile; fileRef = EF94D4A91B63EAE6002E09D5 /* movie_quote.mp3 */; };
		EF94D4AC1B63FE46002E09D5 /* RecordedAudio.swift in Sources */ = {isa = PBXBuildFile; fileRef = EF94D4AB1B63FE46002E09D5 /* RecordedAudio.swift */; };
/* End PBXBuildFile section */

/* Begin PBXContainerItemProxy section */
		EF94D4981B630A70002E09D5 /* PBXContainerItemProxy */ = {
			isa = PBXContainerItemProxy;
			containerPortal = EF94D47A1B630A70002E09D5 /* Project object */;
			proxyType = 1;
			remoteGlobalIDString = EF94D4811B630A70002E09D5;
			remoteInfo = VoiceFX;
		};
/* End PBXContainerItemProxy section */

/* Begin PBXFileReference section */
		EF94D4821B630A70002E09D5 /* VoiceFX.app */ = {isa = PBXFileReference; explicitFileType = wrapper.application; includeInIndex = 0; path = VoiceFX.app; sourceTree = BUILT_PRODUCTS_DIR; };
		EF94D4861B630A70002E09D5 /* Info.plist */ = {isa = PBXFileReference; lastKnownFileType = text.plist.xml; path = Info.plist; sourceTree = "<group>"; };
		EF94D4871B630A70002E09D5 /* AppDelegate.swift */ = {isa = PBXFileReference; lastKnownFileType = sourcecode.swift; path = AppDelegate.swift; sourceTree = "<group>"; };
		EF94D4891B630A70002E09D5 /* RecordSoundsViewController.swift */ = {isa = PBXFileReference; lastKnownFileType = sourcecode.swift; path = RecordSoundsViewController.swift; sourceTree = "<group>"; };
		EF94D48C1B630A70002E09D5 /* Base */ = {isa = PBXFileReference; lastKnownFileType = file.storyboard; name = Base; path = Base.lproj/Main.storyboard; sourceTree = "<group>"; };
		EF94D48E1B630A70002E09D5 /* Images.xcassets */ = {isa = PBXFileReference; lastKnownFileType = folder.assetcatalog; path = Images.xcassets; sourceTree = "<group>"; };
		EF94D4911B630A70002E09D5 /* Base */ = {isa = PBXFileReference; lastKnownFileType = file.xib; name = Base; path = Base.lproj/LaunchScreen.xib; sourceTree = "<group>"; };
		EF94D4971B630A70002E09D5 /* VoiceFXTests.xctest */ = {isa = PBXFileReference; explicitFileType = wrapper.cfbundle; includeInIndex = 0; path = VoiceFXTests.xctest; sourceTree = BUILT_PRODUCTS_DIR; };
		EF94D49C1B630A70002E09D5 /* Info.plist */ = {isa = PBXFileReference; lastKnownFileType = text.plist.xml; path = Info.plist; sourceTree = "<group>"; };
		EF94D49D1B630A70002E09D5 /* VoiceFXTests.swift */ = {isa = PBXFileReference; lastKnownFileType = sourcecode.swift; path = VoiceFXTests.swift; sourceTree = "<group>"; };
		EF94D4A71B634903002E09D5 /* PlaySoundsViewController.swift */ = {isa = PBXFileReference; fileEncoding = 4; lastKnownFileType = sourcecode.swift; path = PlaySoundsViewController.swift; sourceTree = "<group>"; };
		EF94D4A91B63EAE6002E09D5 /* movie_quote.mp3 */ = {isa = PBXFileReference; lastKnownFileType = audio.mp3; name = movie_quote.mp3; path = Sounds/movie_quote.mp3; sourceTree = "<group>"; };
		EF94D4AB1B63FE46002E09D5 /* RecordedAudio.swift */ = {isa = PBXFileReference; fileEncoding = 4; lastKnownFileType = sourcecode.swift; path = RecordedAudio.swift; sourceTree = "<group>"; };
/* End PBXFileReference section */

/* Begin PBXFrameworksBuildPhase section */
		EF94D47F1B630A70002E09D5 /* Frameworks */ = {
			isa = PBXFrameworksBuildPhase;
			buildActionMask = 2147483647;
			files = (
			);
			runOnlyForDeploymentPostprocessing = 0;
		};
		EF94D4941B630A70002E09D5 /* Frameworks */ = {
			isa = PBXFrameworksBuildPhase;
			buildActionMask = 2147483647;
			files = (
			);
			runOnlyForDeploymentPostprocessing = 0;
		};
/* End PBXFrameworksBuildPhase section */

/* Begin PBXGroup section */
		EF94D4791B630A70002E09D5 = {
			isa = PBXGroup;
			children = (
				EF94D4841B630A70002E09D5 /* VoiceFX */,
				EF94D49A1B630A70002E09D5 /* VoiceFXTests */,
				EF94D4831B630A70002E09D5 /* Products */,
			);
			sourceTree = "<group>";
		};
		EF94D4831B630A70002E09D5 /* Products */ = {
			isa = PBXGroup;
			children = (
				EF94D4821B630A70002E09D5 /* VoiceFX.app */,
				EF94D4971B630A70002E09D5 /* VoiceFXTests.xctest */,
			);
			name = Products;
			sourceTree = "<group>";
		};
		EF94D4841B630A70002E09D5 /* VoiceFX */ = {
			isa = PBXGroup;
			children = (
				EF94D4871B630A70002E09D5 /* AppDelegate.swift */,
				EF94D4891B630A70002E09D5 /* RecordSoundsViewController.swift */,
				EF94D4AB1B63FE46002E09D5 /* RecordedAudio.swift */,
				EF94D4A71B634903002E09D5 /* PlaySoundsViewController.swift */,
				EF94D48B1B630A70002E09D5 /* Main.storyboard */,
				EF94D48E1B630A70002E09D5 /* Images.xcassets */,
				EF94D4901B630A70002E09D5 /* LaunchScreen.xib */,
				EF94D4851B630A70002E09D5 /* Supporting Files */,
			);
			path = VoiceFX;
			sourceTree = "<group>";
		};
		EF94D4851B630A70002E09D5 /* Supporting Files */ = {
			isa = PBXGroup;
			children = (
				EF94D4A91B63EAE6002E09D5 /* movie_quote.mp3 */,
				EF94D4861B630A70002E09D5 /* Info.plist */,
			);
			name = "Supporting Files";
			sourceTree = "<group>";
		};
		EF94D49A1B630A70002E09D5 /* VoiceFXTests */ = {
			isa = PBXGroup;
			children = (
				EF94D49D1B630A70002E09D5 /* VoiceFXTests.swift */,
				EF94D49B1B630A70002E09D5 /* Supporting Files */,
			);
			path = VoiceFXTests;
			sourceTree = "<group>";
		};
		EF94D49B1B630A70002E09D5 /* Supporting Files */ = {
			isa = PBXGroup;
			children = (
				EF94D49C1B630A70002E09D5 /* Info.plist */,
			);
			name = "Supporting Files";
			sourceTree = "<group>";
		};
/* End PBXGroup section */

/* Begin PBXNativeTarget section */
		EF94D4811B630A70002E09D5 /* VoiceFX */ = {
			isa = PBXNativeTarget;
			buildConfigurationList = EF94D4A11B630A70002E09D5 /* Build configuration list for PBXNativeTarget "VoiceFX" */;
			buildPhases = (
				EF94D47E1B630A70002E09D5 /* Sources */,
				EF94D47F1B630A70002E09D5 /* Frameworks */,
				EF94D4801B630A70002E09D5 /* Resources */,
			);
			buildRules = (
			);
			dependencies = (
			);
			name = VoiceFX;
			productName = VoiceFX;
			productReference = EF94D4821B630A70002E09D5 /* VoiceFX.app */;
			productType = "com.apple.product-type.application";
		};
		EF94D4961B630A70002E09D5 /* VoiceFXTests */ = {
			isa = PBXNativeTarget;
			buildConfigurationList = EF94D4A41B630A70002E09D5 /* Build configuration list for PBXNativeTarget "VoiceFXTests" */;
			buildPhases = (
				EF94D4931B630A70002E09D5 /* Sources */,
				EF94D4941B630A70002E09D5 /* Frameworks */,
				EF94D4951B630A70002E09D5 /* Resources */,
			);
			buildRules = (
			);
			dependencies = (
				EF94D4991B630A70002E09D5 /* PBXTargetDependency */,
			);
			name = VoiceFXTests;
			productName = VoiceFXTests;
			productReference = EF94D4971B630A70002E09D5 /* VoiceFXTests.xctest */;
			productType = "com.apple.product-type.bundle.unit-test";
		};
/* End PBXNativeTarget section */

/* Begin PBXProject section */
		EF94D47A1B630A70002E09D5 /* Project object */ = {
			isa = PBXProject;
			attributes = {
				LastUpgradeCheck = 0640;
				ORGANIZATIONNAME = "Shakil Kanji";
				TargetAttributes = {
					EF94D4811B630A70002E09D5 = {
						CreatedOnToolsVersion = 6.4;
					};
					EF94D4961B630A70002E09D5 = {
						CreatedOnToolsVersion = 6.4;
						TestTargetID = EF94D4811B630A70002E09D5;
					};
				};
			};
			buildConfigurationList = EF94D47D1B630A70002E09D5 /* Build configuration list for PBXProject "VoiceFX" */;
			compatibilityVersion = "Xcode 3.2";
			developmentRegion = English;
			hasScannedForEncodings = 0;
			knownRegions = (
				en,
				Base,
			);
			mainGroup = EF94D4791B630A70002E09D5;
			productRefGroup = EF94D4831B630A70002E09D5 /* Products */;
			projectDirPath = "";
			projectRoot = "";
			targets = (
				EF94D4811B630A70002E09D5 /* VoiceFX */,
				EF94D4961B630A70002E09D5 /* VoiceFXTests */,
			);
		};
/* End PBXProject section */

/* Begin PBXResourcesBuildPhase section */
		EF94D4801B630A70002E09D5 /* Resources */ = {
			isa = PBXResourcesBuildPhase;
			buildActionMask = 2147483647;
			files = (
				EF94D48D1B630A70002E09D5 /* Main.storyboard in Resources */,
				EF94D4921B630A70002E09D5 /* LaunchScreen.xib in Resources */,
				EF94D4AA1B63EAE6002E09D5 /* movie_quote.mp3 in Resources */,
				EF94D48F1B630A70002E09D5 /* Images.xcassets in Resources */,
			);
			runOnlyForDeploymentPostprocessing = 0;
		};
		EF94D4951B630A70002E09D5 /* Resources */ = {
			isa = PBXResourcesBuildPhase;
			buildActionMask = 2147483647;
			files = (
			);
			runOnlyForDeploymentPostprocessing = 0;
		};
/* End PBXResourcesBuildPhase section */

/* Begin PBXSourcesBuildPhase section */
		EF94D47E1B630A70002E09D5 /* Sources */ = {
			isa = PBXSourcesBuildPhase;
			buildActionMask = 2147483647;
			files = (
				EF94D4AC1B63FE46002E09D5 /* RecordedAudio.swift in Sources */,
				EF94D48A1B630A70002E09D5 /* RecordSoundsViewController.swift in Sources */,
				EF94D4A81B634903002E09D5 /* PlaySoundsViewController.swift in Sources */,
				EF94D4881B630A70002E09D5 /* AppDelegate.swift in Sources */,
			);
			runOnlyForDeploymentPostprocessing = 0;
		};
		EF94D4931B630A70002E09D5 /* Sources */ = {
			isa = PBXSourcesBuildPhase;
			buildActionMask = 2147483647;
			files = (
				EF94D49E1B630A70002E09D5 /* VoiceFXTests.swift in Sources */,
			);
			runOnlyForDeploymentPostprocessing = 0;
		};
/* End PBXSourcesBuildPhase section */

/* Begin PBXTargetDependency section */
		EF94D4991B630A70002E09D5 /* PBXTargetDependency */ = {
			isa = PBXTargetDependency;
			target = EF94D4811B630A70002E09D5 /* VoiceFX */;
			targetProxy = EF94D4981B630A70002E09D5 /* PBXContainerItemProxy */;
		};
/* End PBXTargetDependency section */

/* Begin PBXVariantGroup section */
		EF94D48B1B630A70002E09D5 /* Main.storyboard */ = {
			isa = PBXVariantGroup;
			children = (
				EF94D48C1B630A70002E09D5 /* Base */,
			);
			name = Main.storyboard;
			sourceTree = "<group>";
		};
		EF94D4901B630A70002E09D5 /* LaunchScreen.xib */ = {
			isa = PBXVariantGroup;
			children = (
				EF94D4911B630A70002E09D5 /* Base */,
			);
			name = LaunchScreen.xib;
			sourceTree = "<group>";
		};
/* End PBXVariantGroup section */

/* Begin XCBuildConfiguration section */
		EF94D49F1B630A70002E09D5 /* Debug */ = {
			isa = XCBuildConfiguration;
			buildSettings = {
				ALWAYS_SEARCH_USER_PATHS = NO;
				CLANG_CXX_LANGUAGE_STANDARD = "gnu++0x";
				CLANG_CXX_LIBRARY = "libc++";
				CLANG_ENABLE_MODULES = YES;
				CLANG_ENABLE_OBJC_ARC = YES;
				CLANG_WARN_BOOL_CONVERSION = YES;
				CLANG_WARN_CONSTANT_CONVERSION = YES;
				CLANG_WARN_DIRECT_OBJC_ISA_USAGE = YES_ERROR;
				CLANG_WARN_EMPTY_BODY = YES;
				CLANG_WARN_ENUM_CONVERSION = YES;
				CLANG_WARN_INT_CONVERSION = YES;
				CLANG_WARN_OBJC_ROOT_CLASS = YES_ERROR;
				CLANG_WARN_UNREACHABLE_CODE = YES;
				CLANG_WARN__DUPLICATE_METHOD_MATCH = YES;
				"CODE_SIGN_IDENTITY[sdk=iphoneos*]" = "iPhone Developer";
				COPY_PHASE_STRIP = NO;
				DEBUG_INFORMATION_FORMAT = "dwarf-with-dsym";
				ENABLE_STRICT_OBJC_MSGSEND = YES;
				GCC_C_LANGUAGE_STANDARD = gnu99;
				GCC_DYNAMIC_NO_PIC = NO;
				GCC_NO_COMMON_BLOCKS = YES;
				GCC_OPTIMIZATION_LEVEL = 0;
				GCC_PREPROCESSOR_DEFINITIONS = (
					"DEBUG=1",
					"$(inherited)",
				);
				GCC_SYMBOLS_PRIVATE_EXTERN = NO;
				GCC_WARN_64_TO_32_BIT_CONVERSION = YES;
				GCC_WARN_ABOUT_RETURN_TYPE = YES_ERROR;
				GCC_WARN_UNDECLARED_SELECTOR = YES;
				GCC_WARN_UNINITIALIZED_AUTOS = YES_AGGRESSIVE;
				GCC_WARN_UNUSED_FUNCTION = YES;
				GCC_WARN_UNUSED_VARIABLE = YES;
				IPHONEOS_DEPLOYMENT_TARGET = 8.4;
				MTL_ENABLE_DEBUG_INFO = YES;
				ONLY_ACTIVE_ARCH = YES;
				SDKROOT = iphoneos;
				SWIFT_OPTIMIZATION_LEVEL = "-Onone";
			};
			name = Debug;
		};
		EF94D4A01B630A70002E09D5 /* Release */ = {
			isa = XCBuildConfiguration;
			buildSettings = {
				ALWAYS_SEARCH_USER_PATHS = NO;
				CLANG_CXX_LANGUAGE_STANDARD = "gnu++0x";
				CLANG_CXX_LIBRARY = "libc++";
				CLANG_ENABLE_MODULES = YES;
				CLANG_ENABLE_OBJC_ARC = YES;
				CLANG_WARN_BOOL_CONVERSION = YES;
				CLANG_WARN_CONSTANT_CONVERSION = YES;
				CLANG_WARN_DIRECT_OBJC_ISA_USAGE = YES_ERROR;
				CLANG_WARN_EMPTY_BODY = YES;
				CLANG_WARN_ENUM_CONVERSION = YES;
				CLANG_WARN_INT_CONVERSION = YES;
				CLANG_WARN_OBJC_ROOT_CLASS = YES_ERROR;
				CLANG_WARN_UNREACHABLE_CODE = YES;
				CLANG_WARN__DUPLICATE_METHOD_MATCH = YES;
				"CODE_SIGN_IDENTITY[sdk=iphoneos*]" = "iPhone Developer";
				COPY_PHASE_STRIP = NO;
				DEBUG_INFORMATION_FORMAT = "dwarf-with-dsym";
				ENABLE_NS_ASSERTIONS = NO;
				ENABLE_STRICT_OBJC_MSGSEND = YES;
				GCC_C_LANGUAGE_STANDARD = gnu99;
				GCC_NO_COMMON_BLOCKS = YES;
				GCC_WARN_64_TO_32_BIT_CONVERSION = YES;
				GCC_WARN_ABOUT_RETURN_TYPE = YES_ERROR;
				GCC_WARN_UNDECLARED_SELECTOR = YES;
				GCC_WARN_UNINITIALIZED_AUTOS = YES_AGGRESSIVE;
				GCC_WARN_UNUSED_FUNCTION = YES;
				GCC_WARN_UNUSED_VARIABLE = YES;
				IPHONEOS_DEPLOYMENT_TARGET = 8.4;
				MTL_ENABLE_DEBUG_INFO = NO;
				SDKROOT = iphoneos;
				VALIDATE_PRODUCT = YES;
			};
			name = Release;
		};
		EF94D4A21B630A70002E09D5 /* Debug */ = {
			isa = XCBuildConfiguration;
			buildSettings = {
				ASSETCATALOG_COMPILER_APPICON_NAME = AppIcon;
				INFOPLIST_FILE = VoiceFX/Info.plist;
				LD_RUNPATH_SEARCH_PATHS = "$(inherited) @executable_path/Frameworks";
				PRODUCT_NAME = "$(TARGET_NAME)";
			};
			name = Debug;
		};
		EF94D4A31B630A70002E09D5 /* Release */ = {
			isa = XCBuildConfiguration;
			buildSettings = {
				ASSETCATALOG_COMPILER_APPICON_NAME = AppIcon;
				INFOPLIST_FILE = VoiceFX/Info.plist;
				LD_RUNPATH_SEARCH_PATHS = "$(inherited) @executable_path/Frameworks";
				PRODUCT_NAME = "$(TARGET_NAME)";
			};
			name = Release;
		};
		EF94D4A51B630A70002E09D5 /* Debug */ = {
			isa = XCBuildConfiguration;
			buildSettings = {
				BUNDLE_LOADER = "$(TEST_HOST)";
				FRAMEWORK_SEARCH_PATHS = (
					"$(SDKROOT)/Developer/Library/Frameworks",
					"$(inherited)",
				);
				GCC_PREPROCESSOR_DEFINITIONS = (
					"DEBUG=1",
					"$(inherited)",
				);
				INFOPLIST_FILE = VoiceFXTests/Info.plist;
				LD_RUNPATH_SEARCH_PATHS = "$(inherited) @executable_path/Frameworks @loader_path/Frameworks";
				PRODUCT_NAME = "$(TARGET_NAME)";
				TEST_HOST = "$(BUILT_PRODUCTS_DIR)/VoiceFX.app/VoiceFX";
			};
			name = Debug;
		};
		EF94D4A61B630A70002E09D5 /* Release */ = {
			isa = XCBuildConfiguration;
			buildSettings = {
				BUNDLE_LOADER = "$(TEST_HOST)";
				FRAMEWORK_SEARCH_PATHS = (
					"$(SDKROOT)/Developer/Library/Frameworks",
					"$(inherited)",
				);
				INFOPLIST_FILE = VoiceFXTests/Info.plist;
				LD_RUNPATH_SEARCH_PATHS = "$(inherited) @executable_path/Frameworks @loader_path/Frameworks";
				PRODUCT_NAME = "$(TARGET_NAME)";
				TEST_HOST = "$(BUILT_PRODUCTS_DIR)/VoiceFX.app/VoiceFX";
			};
			name = Release;
		};
/* End XCBuildConfiguration section */

/* Begin XCConfigurationList section */
		EF94D47D1B630A70002E09D5 /* Build configuration list for PBXProject "VoiceFX" */ = {
			isa = XCConfigurationList;
			buildConfigurations = (
				EF94D49F1B630A70002E09D5 /* Debug */,
				EF94D4A01B630A70002E09D5 /* Release */,
			);
			defaultConfigurationIsVisible = 0;
			defaultConfigurationName = Release;
		};
		EF94D4A11B630A70002E09D5 /* Build configuration list for PBXNativeTarget "VoiceFX" */ = {
			isa = XCConfigurationList;
			buildConfigurations = (
				EF94D4A21B630A70002E09D5 /* Debug */,
				EF94D4A31B630A70002E09D5 /* Release */,
			);
			defaultConfigurationIsVisible = 0;
		};
		EF94D4A41B630A70002E09D5 /* Build configuration list for PBXNativeTarget "VoiceFXTests" */ = {
			isa = XCConfigurationList;
			buildConfigurations = (
				EF94D4A51B630A70002E09D5 /* Debug */,
				EF94D4A61B630A70002E09D5 /* Release */,
			);
			defaultConfigurationIsVisible = 0;
		};
/* End XCConfigurationList section */
	};
	rootObject = EF94D47A1B630A70002E09D5 /* Project object */;
}
